
Microsoft Visual Studio Solution File, Format Version 12.00
# Visual Studio Version 16
VisualStudioVersion = 16.0.29020.237
MinimumVisualStudioVersion = 10.0.40219.1
Project("{FAE04EC0-301F-11D3-BF4B-00C04F79EFBC}") = "ConnXBot", "ConnXBot\ConnXBot.csproj", "{19961C86-64A4-4BC0-A8E1-4D9959F88739}"
EndProject
Project("{FAE04EC0-301F-11D3-BF4B-00C04F79EFBC}") = "ConnXBot.Tests", "ConnXBot.Tests\ConnXBot.Tests.csproj", "{689169F5-0FAC-4E41-9197-E270160456C7}"
EndProject
Global
	GlobalSection(SolutionConfigurationPlatforms) = preSolution
		Debug|Any CPU = Debug|Any CPU
		Release|Any CPU = Release|Any CPU
	EndGlobalSection
	GlobalSection(ProjectConfigurationPlatforms) = postSolution
		{19961C86-64A4-4BC0-A8E1-4D9959F88739}.Debug|Any CPU.ActiveCfg = Debug|Any CPU
		{19961C86-64A4-4BC0-A8E1-4D9959F88739}.Debug|Any CPU.Build.0 = Debug|Any CPU
		{19961C86-64A4-4BC0-A8E1-4D9959F88739}.Release|Any CPU.ActiveCfg = Release|Any CPU
		{19961C86-64A4-4BC0-A8E1-4D9959F88739}.Release|Any CPU.Build.0 = Release|Any CPU
		{689169F5-0FAC-4E41-9197-E270160456C7}.Debug|Any CPU.ActiveCfg = Debug|Any CPU
		{689169F5-0FAC-4E41-9197-E270160456C7}.Debug|Any CPU.Build.0 = Debug|Any CPU
		{689169F5-0FAC-4E41-9197-E270160456C7}.Release|Any CPU.ActiveCfg = Release|Any CPU
		{689169F5-0FAC-4E41-9197-E270160456C7}.Release|Any CPU.Build.0 = Release|Any CPU
	EndGlobalSection
	GlobalSection(SolutionProperties) = preSolution
		HideSolutionNode = FALSE
	EndGlobalSection
	GlobalSection(ExtensibilityGlobals) = postSolution
		SolutionGuid = {D75E20A5-1D8A-464A-9210-B42DDEBA6C7C}
	EndGlobalSection
EndGlobal
